// !$*UTF8*$!
{
	archiveVersion = 1;
	classes = {
	};
	objectVersion = 50;
	objects = {

/* Begin PBXBuildFile section */
		FA454B632354FE3A0015A83D /* AppDelegate.swift in Sources */ = {isa = PBXBuildFile; fileRef = FA454B622354FE3A0015A83D /* AppDelegate.swift */; };
		FA454B652354FE3A0015A83D /* SceneDelegate.swift in Sources */ = {isa = PBXBuildFile; fileRef = FA454B642354FE3A0015A83D /* SceneDelegate.swift */; };
		FA454B672354FE3A0015A83D /* GameViewController.swift in Sources */ = {isa = PBXBuildFile; fileRef = FA454B662354FE3A0015A83D /* GameViewController.swift */; };
		FA454B6A2354FE3A0015A83D /* Main.storyboard in Resources */ = {isa = PBXBuildFile; fileRef = FA454B682354FE3A0015A83D /* Main.storyboard */; };
		FA454B6C2354FE3C0015A83D /* Assets.xcassets in Resources */ = {isa = PBXBuildFile; fileRef = FA454B6B2354FE3C0015A83D /* Assets.xcassets */; };
		FA454B6F2354FE3C0015A83D /* LaunchScreen.storyboard in Resources */ = {isa = PBXBuildFile; fileRef = FA454B6D2354FE3C0015A83D /* LaunchScreen.storyboard */; };
		FA454B852354FE3D0015A83D /* TicTacToeUITests.swift in Sources */ = {isa = PBXBuildFile; fileRef = FA454B842354FE3D0015A83D /* TicTacToeUITests.swift */; };
		FA454B932354FEF20015A83D /* GameEngine.swift in Sources */ = {isa = PBXBuildFile; fileRef = FA454B922354FEF20015A83D /* GameEngine.swift */; };
		FA454B99235501FC0015A83D /* Player.swift in Sources */ = {isa = PBXBuildFile; fileRef = FA454B98235501FC0015A83D /* Player.swift */; };
		FA454B9B235502060015A83D /* Mark.swift in Sources */ = {isa = PBXBuildFile; fileRef = FA454B9A235502060015A83D /* Mark.swift */; };
		FA454B9D235502380015A83D /* Coordinate.swift in Sources */ = {isa = PBXBuildFile; fileRef = FA454B9C235502380015A83D /* Coordinate.swift */; };
		FA454B9F235502580015A83D /* Space.swift in Sources */ = {isa = PBXBuildFile; fileRef = FA454B9E235502580015A83D /* Space.swift */; };
		FA454BA3235502860015A83D /* MoveResult.swift in Sources */ = {isa = PBXBuildFile; fileRef = FA454BA2235502860015A83D /* MoveResult.swift */; };
		FA454BA5235502990015A83D /* PlayerService.swift in Sources */ = {isa = PBXBuildFile; fileRef = FA454BA4235502990015A83D /* PlayerService.swift */; };
		FA454BAF2355049E0015A83D /* PlayerTests.swift in Sources */ = {isa = PBXBuildFile; fileRef = FA454BAE2355049E0015A83D /* PlayerTests.swift */; };
		FA454BB1235504AA0015A83D /* CoordinateTests.swift in Sources */ = {isa = PBXBuildFile; fileRef = FA454BB0235504AA0015A83D /* CoordinateTests.swift */; };
		FA454BB3235504B40015A83D /* SpaceTests.swift in Sources */ = {isa = PBXBuildFile; fileRef = FA454BB2235504B40015A83D /* SpaceTests.swift */; };
		FA454BB5235505BC0015A83D /* GameEngineTests.swift in Sources */ = {isa = PBXBuildFile; fileRef = FA454BB4235505BC0015A83D /* GameEngineTests.swift */; };
		FA454BB72355076B0015A83D /* PlayerServiceTests.swift in Sources */ = {isa = PBXBuildFile; fileRef = FA454BB62355076B0015A83D /* PlayerServiceTests.swift */; };
/* End PBXBuildFile section */

/* Begin PBXContainerItemProxy section */
		FA454B762354FE3D0015A83D /* PBXContainerItemProxy */ = {
			isa = PBXContainerItemProxy;
			containerPortal = FA454B572354FE3A0015A83D /* Project object */;
			proxyType = 1;
			remoteGlobalIDString = FA454B5E2354FE3A0015A83D;
			remoteInfo = TicTacToe;
		};
		FA454B812354FE3D0015A83D /* PBXContainerItemProxy */ = {
			isa = PBXContainerItemProxy;
			containerPortal = FA454B572354FE3A0015A83D /* Project object */;
			proxyType = 1;
			remoteGlobalIDString = FA454B5E2354FE3A0015A83D;
			remoteInfo = TicTacToe;
		};
/* End PBXContainerItemProxy section */

/* Begin PBXFileReference section */
		FA454B5F2354FE3A0015A83D /* TicTacToe.app */ = {isa = PBXFileReference; explicitFileType = wrapper.application; includeInIndex = 0; path = TicTacToe.app; sourceTree = BUILT_PRODUCTS_DIR; };
		FA454B622354FE3A0015A83D /* AppDelegate.swift */ = {isa = PBXFileReference; lastKnownFileType = sourcecode.swift; path = AppDelegate.swift; sourceTree = "<group>"; };
		FA454B642354FE3A0015A83D /* SceneDelegate.swift */ = {isa = PBXFileReference; lastKnownFileType = sourcecode.swift; path = SceneDelegate.swift; sourceTree = "<group>"; };
		FA454B662354FE3A0015A83D /* GameViewController.swift */ = {isa = PBXFileReference; lastKnownFileType = sourcecode.swift; path = GameViewController.swift; sourceTree = "<group>"; };
		FA454B692354FE3A0015A83D /* Base */ = {isa = PBXFileReference; lastKnownFileType = file.storyboard; name = Base; path = Base.lproj/Main.storyboard; sourceTree = "<group>"; };
		FA454B6B2354FE3C0015A83D /* Assets.xcassets */ = {isa = PBXFileReference; lastKnownFileType = folder.assetcatalog; path = Assets.xcassets; sourceTree = "<group>"; };
		FA454B6E2354FE3C0015A83D /* Base */ = {isa = PBXFileReference; lastKnownFileType = file.storyboard; name = Base; path = Base.lproj/LaunchScreen.storyboard; sourceTree = "<group>"; };
		FA454B702354FE3C0015A83D /* Info.plist */ = {isa = PBXFileReference; lastKnownFileType = text.plist.xml; path = Info.plist; sourceTree = "<group>"; };
		FA454B752354FE3D0015A83D /* TicTacToeTests.xctest */ = {isa = PBXFileReference; explicitFileType = wrapper.cfbundle; includeInIndex = 0; path = TicTacToeTests.xctest; sourceTree = BUILT_PRODUCTS_DIR; };
		FA454B7B2354FE3D0015A83D /* Info.plist */ = {isa = PBXFileReference; lastKnownFileType = text.plist.xml; path = Info.plist; sourceTree = "<group>"; };
		FA454B802354FE3D0015A83D /* TicTacToeUITests.xctest */ = {isa = PBXFileReference; explicitFileType = wrapper.cfbundle; includeInIndex = 0; path = TicTacToeUITests.xctest; sourceTree = BUILT_PRODUCTS_DIR; };
		FA454B842354FE3D0015A83D /* TicTacToeUITests.swift */ = {isa = PBXFileReference; lastKnownFileType = sourcecode.swift; path = TicTacToeUITests.swift; sourceTree = "<group>"; };
		FA454B862354FE3D0015A83D /* Info.plist */ = {isa = PBXFileReference; lastKnownFileType = text.plist.xml; path = Info.plist; sourceTree = "<group>"; };
		FA454B922354FEF20015A83D /* GameEngine.swift */ = {isa = PBXFileReference; lastKnownFileType = sourcecode.swift; path = GameEngine.swift; sourceTree = "<group>"; };
		FA454B98235501FC0015A83D /* Player.swift */ = {isa = PBXFileReference; lastKnownFileType = sourcecode.swift; path = Player.swift; sourceTree = "<group>"; };
		FA454B9A235502060015A83D /* Mark.swift */ = {isa = PBXFileReference; lastKnownFileType = sourcecode.swift; path = Mark.swift; sourceTree = "<group>"; };
		FA454B9C235502380015A83D /* Coordinate.swift */ = {isa = PBXFileReference; lastKnownFileType = sourcecode.swift; path = Coordinate.swift; sourceTree = "<group>"; };
		FA454B9E235502580015A83D /* Space.swift */ = {isa = PBXFileReference; lastKnownFileType = sourcecode.swift; path = Space.swift; sourceTree = "<group>"; };
		FA454BA2235502860015A83D /* MoveResult.swift */ = {isa = PBXFileReference; lastKnownFileType = sourcecode.swift; path = MoveResult.swift; sourceTree = "<group>"; };
		FA454BA4235502990015A83D /* PlayerService.swift */ = {isa = PBXFileReference; lastKnownFileType = sourcecode.swift; path = PlayerService.swift; sourceTree = "<group>"; };
		FA454BAE2355049E0015A83D /* PlayerTests.swift */ = {isa = PBXFileReference; lastKnownFileType = sourcecode.swift; path = PlayerTests.swift; sourceTree = "<group>"; };
		FA454BB0235504AA0015A83D /* CoordinateTests.swift */ = {isa = PBXFileReference; lastKnownFileType = sourcecode.swift; path = CoordinateTests.swift; sourceTree = "<group>"; };
		FA454BB2235504B40015A83D /* SpaceTests.swift */ = {isa = PBXFileReference; lastKnownFileType = sourcecode.swift; path = SpaceTests.swift; sourceTree = "<group>"; };
		FA454BB4235505BC0015A83D /* GameEngineTests.swift */ = {isa = PBXFileReference; lastKnownFileType = sourcecode.swift; path = GameEngineTests.swift; sourceTree = "<group>"; };
		FA454BB62355076B0015A83D /* PlayerServiceTests.swift */ = {isa = PBXFileReference; lastKnownFileType = sourcecode.swift; path = PlayerServiceTests.swift; sourceTree = "<group>"; };
/* End PBXFileReference section */

/* Begin PBXFrameworksBuildPhase section */
		FA454B5C2354FE3A0015A83D /* Frameworks */ = {
			isa = PBXFrameworksBuildPhase;
			buildActionMask = 2147483647;
			files = (
			);
			runOnlyForDeploymentPostprocessing = 0;
		};
		FA454B722354FE3D0015A83D /* Frameworks */ = {
			isa = PBXFrameworksBuildPhase;
			buildActionMask = 2147483647;
			files = (
			);
			runOnlyForDeploymentPostprocessing = 0;
		};
		FA454B7D2354FE3D0015A83D /* Frameworks */ = {
			isa = PBXFrameworksBuildPhase;
			buildActionMask = 2147483647;
			files = (
			);
			runOnlyForDeploymentPostprocessing = 0;
		};
/* End PBXFrameworksBuildPhase section */

/* Begin PBXGroup section */
		FA454B562354FE3A0015A83D = {
			isa = PBXGroup;
			children = (
				FA454B612354FE3A0015A83D /* TicTacToe */,
				FA454B782354FE3D0015A83D /* TicTacToeTests */,
				FA454B832354FE3D0015A83D /* TicTacToeUITests */,
				FA454B602354FE3A0015A83D /* Products */,
			);
			sourceTree = "<group>";
		};
		FA454B602354FE3A0015A83D /* Products */ = {
			isa = PBXGroup;
			children = (
				FA454B5F2354FE3A0015A83D /* TicTacToe.app */,
				FA454B752354FE3D0015A83D /* TicTacToeTests.xctest */,
				FA454B802354FE3D0015A83D /* TicTacToeUITests.xctest */,
			);
			name = Products;
			sourceTree = "<group>";
		};
		FA454B612354FE3A0015A83D /* TicTacToe */ = {
			isa = PBXGroup;
			children = (
				FA454B622354FE3A0015A83D /* AppDelegate.swift */,
				FA454B642354FE3A0015A83D /* SceneDelegate.swift */,
				FA454B942354FF010015A83D /* ViewControllers */,
				FA454B952354FF270015A83D /* Engine */,
				FA454B972354FF710015A83D /* Service */,
				FA454B962354FF4D0015A83D /* Model */,
				FA454B682354FE3A0015A83D /* Main.storyboard */,
				FA454B6B2354FE3C0015A83D /* Assets.xcassets */,
				FA454B6D2354FE3C0015A83D /* LaunchScreen.storyboard */,
				FA454B702354FE3C0015A83D /* Info.plist */,
			);
			path = TicTacToe;
			sourceTree = "<group>";
		};
		FA454B782354FE3D0015A83D /* TicTacToeTests */ = {
			isa = PBXGroup;
			children = (
				FA454BA9235504620015A83D /* Model tests */,
				FA454BB4235505BC0015A83D /* GameEngineTests.swift */,
				FA454BB62355076B0015A83D /* PlayerServiceTests.swift */,
				FA454B7B2354FE3D0015A83D /* Info.plist */,
			);
			path = TicTacToeTests;
			sourceTree = "<group>";
		};
		FA454B832354FE3D0015A83D /* TicTacToeUITests */ = {
			isa = PBXGroup;
			children = (
				FA454B842354FE3D0015A83D /* TicTacToeUITests.swift */,
				FA454B862354FE3D0015A83D /* Info.plist */,
			);
			path = TicTacToeUITests;
			sourceTree = "<group>";
		};
		FA454B942354FF010015A83D /* ViewControllers */ = {
			isa = PBXGroup;
			children = (
				FA454B662354FE3A0015A83D /* GameViewController.swift */,
			);
			path = ViewControllers;
			sourceTree = "<group>";
		};
		FA454B952354FF270015A83D /* Engine */ = {
			isa = PBXGroup;
			children = (
				FA454B922354FEF20015A83D /* GameEngine.swift */,
			);
			path = Engine;
			sourceTree = "<group>";
		};
		FA454B962354FF4D0015A83D /* Model */ = {
			isa = PBXGroup;
			children = (
				FA454B98235501FC0015A83D /* Player.swift */,
				FA454B9C235502380015A83D /* Coordinate.swift */,
				FA454B9E235502580015A83D /* Space.swift */,
				FA454B9A235502060015A83D /* Mark.swift */,
				FA454BA2235502860015A83D /* MoveResult.swift */,
			);
			path = Model;
			sourceTree = "<group>";
		};
		FA454B972354FF710015A83D /* Service */ = {
			isa = PBXGroup;
			children = (
				FA454BA4235502990015A83D /* PlayerService.swift */,
			);
			path = Service;
			sourceTree = "<group>";
		};
		FA454BA9235504620015A83D /* Model tests */ = {
			isa = PBXGroup;
			children = (
				FA454BAE2355049E0015A83D /* PlayerTests.swift */,
				FA454BB0235504AA0015A83D /* CoordinateTests.swift */,
				FA454BB2235504B40015A83D /* SpaceTests.swift */,
			);
			path = "Model tests";
			sourceTree = "<group>";
		};
/* End PBXGroup section */

/* Begin PBXNativeTarget section */
		FA454B5E2354FE3A0015A83D /* TicTacToe */ = {
			isa = PBXNativeTarget;
			buildConfigurationList = FA454B892354FE3D0015A83D /* Build configuration list for PBXNativeTarget "TicTacToe" */;
			buildPhases = (
				FA454B5B2354FE3A0015A83D /* Sources */,
				FA454B5C2354FE3A0015A83D /* Frameworks */,
				FA454B5D2354FE3A0015A83D /* Resources */,
			);
			buildRules = (
			);
			dependencies = (
			);
			name = TicTacToe;
			productName = TicTacToe;
			productReference = FA454B5F2354FE3A0015A83D /* TicTacToe.app */;
			productType = "com.apple.product-type.application";
		};
		FA454B742354FE3D0015A83D /* TicTacToeTests */ = {
			isa = PBXNativeTarget;
			buildConfigurationList = FA454B8C2354FE3D0015A83D /* Build configuration list for PBXNativeTarget "TicTacToeTests" */;
			buildPhases = (
				FA454B712354FE3D0015A83D /* Sources */,
				FA454B722354FE3D0015A83D /* Frameworks */,
				FA454B732354FE3D0015A83D /* Resources */,
			);
			buildRules = (
			);
			dependencies = (
				FA454B772354FE3D0015A83D /* PBXTargetDependency */,
			);
			name = TicTacToeTests;
			productName = TicTacToeTests;
			productReference = FA454B752354FE3D0015A83D /* TicTacToeTests.xctest */;
			productType = "com.apple.product-type.bundle.unit-test";
		};
		FA454B7F2354FE3D0015A83D /* TicTacToeUITests */ = {
			isa = PBXNativeTarget;
			buildConfigurationList = FA454B8F2354FE3D0015A83D /* Build configuration list for PBXNativeTarget "TicTacToeUITests" */;
			buildPhases = (
				FA454B7C2354FE3D0015A83D /* Sources */,
				FA454B7D2354FE3D0015A83D /* Frameworks */,
				FA454B7E2354FE3D0015A83D /* Resources */,
			);
			buildRules = (
			);
			dependencies = (
				FA454B822354FE3D0015A83D /* PBXTargetDependency */,
			);
			name = TicTacToeUITests;
			productName = TicTacToeUITests;
			productReference = FA454B802354FE3D0015A83D /* TicTacToeUITests.xctest */;
			productType = "com.apple.product-type.bundle.ui-testing";
		};
/* End PBXNativeTarget section */

/* Begin PBXProject section */
		FA454B572354FE3A0015A83D /* Project object */ = {
			isa = PBXProject;
			attributes = {
				LastSwiftUpdateCheck = 1110;
				LastUpgradeCheck = 1110;
				ORGANIZATIONNAME = 2019_DEV_205;
				TargetAttributes = {
					FA454B5E2354FE3A0015A83D = {
						CreatedOnToolsVersion = 11.1;
					};
					FA454B742354FE3D0015A83D = {
						CreatedOnToolsVersion = 11.1;
						TestTargetID = FA454B5E2354FE3A0015A83D;
					};
					FA454B7F2354FE3D0015A83D = {
						CreatedOnToolsVersion = 11.1;
						TestTargetID = FA454B5E2354FE3A0015A83D;
					};
				};
			};
			buildConfigurationList = FA454B5A2354FE3A0015A83D /* Build configuration list for PBXProject "TicTacToe" */;
			compatibilityVersion = "Xcode 9.3";
			developmentRegion = en;
			hasScannedForEncodings = 0;
			knownRegions = (
				en,
				Base,
			);
			mainGroup = FA454B562354FE3A0015A83D;
			productRefGroup = FA454B602354FE3A0015A83D /* Products */;
			projectDirPath = "";
			projectRoot = "";
			targets = (
				FA454B5E2354FE3A0015A83D /* TicTacToe */,
				FA454B742354FE3D0015A83D /* TicTacToeTests */,
				FA454B7F2354FE3D0015A83D /* TicTacToeUITests */,
			);
		};
/* End PBXProject section */

/* Begin PBXResourcesBuildPhase section */
		FA454B5D2354FE3A0015A83D /* Resources */ = {
			isa = PBXResourcesBuildPhase;
			buildActionMask = 2147483647;
			files = (
				FA454B6F2354FE3C0015A83D /* LaunchScreen.storyboard in Resources */,
				FA454B6C2354FE3C0015A83D /* Assets.xcassets in Resources */,
				FA454B6A2354FE3A0015A83D /* Main.storyboard in Resources */,
			);
			runOnlyForDeploymentPostprocessing = 0;
		};
		FA454B732354FE3D0015A83D /* Resources */ = {
			isa = PBXResourcesBuildPhase;
			buildActionMask = 2147483647;
			files = (
			);
			runOnlyForDeploymentPostprocessing = 0;
		};
		FA454B7E2354FE3D0015A83D /* Resources */ = {
			isa = PBXResourcesBuildPhase;
			buildActionMask = 2147483647;
			files = (
			);
			runOnlyForDeploymentPostprocessing = 0;
		};
/* End PBXResourcesBuildPhase section */

/* Begin PBXSourcesBuildPhase section */
		FA454B5B2354FE3A0015A83D /* Sources */ = {
			isa = PBXSourcesBuildPhase;
			buildActionMask = 2147483647;
			files = (
				FA454B9D235502380015A83D /* Coordinate.swift in Sources */,
				FA454B672354FE3A0015A83D /* GameViewController.swift in Sources */,
				FA454B9F235502580015A83D /* Space.swift in Sources */,
				FA454B932354FEF20015A83D /* GameEngine.swift in Sources */,
				FA454BA3235502860015A83D /* MoveResult.swift in Sources */,
				FA454B9B235502060015A83D /* Mark.swift in Sources */,
				FA454BA5235502990015A83D /* PlayerService.swift in Sources */,
				FA454B632354FE3A0015A83D /* AppDelegate.swift in Sources */,
				FA454B99235501FC0015A83D /* Player.swift in Sources */,
				FA454B652354FE3A0015A83D /* SceneDelegate.swift in Sources */,
			);
			runOnlyForDeploymentPostprocessing = 0;
		};
		FA454B712354FE3D0015A83D /* Sources */ = {
			isa = PBXSourcesBuildPhase;
			buildActionMask = 2147483647;
			files = (
				FA454BB72355076B0015A83D /* PlayerServiceTests.swift in Sources */,
				FA454BB3235504B40015A83D /* SpaceTests.swift in Sources */,
				FA454BAF2355049E0015A83D /* PlayerTests.swift in Sources */,
				FA454BB1235504AA0015A83D /* CoordinateTests.swift in Sources */,
				FA454BB5235505BC0015A83D /* GameEngineTests.swift in Sources */,
			);
			runOnlyForDeploymentPostprocessing = 0;
		};
		FA454B7C2354FE3D0015A83D /* Sources */ = {
			isa = PBXSourcesBuildPhase;
			buildActionMask = 2147483647;
			files = (
				FA454B852354FE3D0015A83D /* TicTacToeUITests.swift in Sources */,
			);
			runOnlyForDeploymentPostprocessing = 0;
		};
/* End PBXSourcesBuildPhase section */

/* Begin PBXTargetDependency section */
		FA454B772354FE3D0015A83D /* PBXTargetDependency */ = {
			isa = PBXTargetDependency;
			target = FA454B5E2354FE3A0015A83D /* TicTacToe */;
			targetProxy = FA454B762354FE3D0015A83D /* PBXContainerItemProxy */;
		};
		FA454B822354FE3D0015A83D /* PBXTargetDependency */ = {
			isa = PBXTargetDependency;
			target = FA454B5E2354FE3A0015A83D /* TicTacToe */;
			targetProxy = FA454B812354FE3D0015A83D /* PBXContainerItemProxy */;
		};
/* End PBXTargetDependency section */

/* Begin PBXVariantGroup section */
		FA454B682354FE3A0015A83D /* Main.storyboard */ = {
			isa = PBXVariantGroup;
			children = (
				FA454B692354FE3A0015A83D /* Base */,
			);
			name = Main.storyboard;
			sourceTree = "<group>";
		};
		FA454B6D2354FE3C0015A83D /* LaunchScreen.storyboard */ = {
			isa = PBXVariantGroup;
			children = (
				FA454B6E2354FE3C0015A83D /* Base */,
			);
			name = LaunchScreen.storyboard;
			sourceTree = "<group>";
		};
/* End PBXVariantGroup section */

/* Begin XCBuildConfiguration section */
		FA454B872354FE3D0015A83D /* Debug */ = {
			isa = XCBuildConfiguration;
			buildSettings = {
				ALWAYS_SEARCH_USER_PATHS = NO;
				CLANG_ANALYZER_NONNULL = YES;
				CLANG_ANALYZER_NUMBER_OBJECT_CONVERSION = YES_AGGRESSIVE;
				CLANG_CXX_LANGUAGE_STANDARD = "gnu++14";
				CLANG_CXX_LIBRARY = "libc++";
				CLANG_ENABLE_MODULES = YES;
				CLANG_ENABLE_OBJC_ARC = YES;
				CLANG_ENABLE_OBJC_WEAK = YES;
				CLANG_WARN_BLOCK_CAPTURE_AUTORELEASING = YES;
				CLANG_WARN_BOOL_CONVERSION = YES;
				CLANG_WARN_COMMA = YES;
				CLANG_WARN_CONSTANT_CONVERSION = YES;
				CLANG_WARN_DEPRECATED_OBJC_IMPLEMENTATIONS = YES;
				CLANG_WARN_DIRECT_OBJC_ISA_USAGE = YES_ERROR;
				CLANG_WARN_DOCUMENTATION_COMMENTS = YES;
				CLANG_WARN_EMPTY_BODY = YES;
				CLANG_WARN_ENUM_CONVERSION = YES;
				CLANG_WARN_INFINITE_RECURSION = YES;
				CLANG_WARN_INT_CONVERSION = YES;
				CLANG_WARN_NON_LITERAL_NULL_CONVERSION = YES;
				CLANG_WARN_OBJC_IMPLICIT_RETAIN_SELF = YES;
				CLANG_WARN_OBJC_LITERAL_CONVERSION = YES;
				CLANG_WARN_OBJC_ROOT_CLASS = YES_ERROR;
				CLANG_WARN_RANGE_LOOP_ANALYSIS = YES;
				CLANG_WARN_STRICT_PROTOTYPES = YES;
				CLANG_WARN_SUSPICIOUS_MOVE = YES;
				CLANG_WARN_UNGUARDED_AVAILABILITY = YES_AGGRESSIVE;
				CLANG_WARN_UNREACHABLE_CODE = YES;
				CLANG_WARN__DUPLICATE_METHOD_MATCH = YES;
				COPY_PHASE_STRIP = NO;
				DEBUG_INFORMATION_FORMAT = dwarf;
				ENABLE_STRICT_OBJC_MSGSEND = YES;
				ENABLE_TESTABILITY = YES;
				GCC_C_LANGUAGE_STANDARD = gnu11;
				GCC_DYNAMIC_NO_PIC = NO;
				GCC_NO_COMMON_BLOCKS = YES;
				GCC_OPTIMIZATION_LEVEL = 0;
				GCC_PREPROCESSOR_DEFINITIONS = (
					"DEBUG=1",
					"$(inherited)",
				);
				GCC_WARN_64_TO_32_BIT_CONVERSION = YES;
				GCC_WARN_ABOUT_RETURN_TYPE = YES_ERROR;
				GCC_WARN_UNDECLARED_SELECTOR = YES;
				GCC_WARN_UNINITIALIZED_AUTOS = YES_AGGRESSIVE;
				GCC_WARN_UNUSED_FUNCTION = YES;
				GCC_WARN_UNUSED_VARIABLE = YES;
				IPHONEOS_DEPLOYMENT_TARGET = 13.1;
				MTL_ENABLE_DEBUG_INFO = INCLUDE_SOURCE;
				MTL_FAST_MATH = YES;
				ONLY_ACTIVE_ARCH = YES;
				SDKROOT = iphoneos;
				SWIFT_ACTIVE_COMPILATION_CONDITIONS = DEBUG;
				SWIFT_OPTIMIZATION_LEVEL = "-Onone";
			};
			name = Debug;
		};
		FA454B882354FE3D0015A83D /* Release */ = {
			isa = XCBuildConfiguration;
			buildSettings = {
				ALWAYS_SEARCH_USER_PATHS = NO;
				CLANG_ANALYZER_NONNULL = YES;
				CLANG_ANALYZER_NUMBER_OBJECT_CONVERSION = YES_AGGRESSIVE;
				CLANG_CXX_LANGUAGE_STANDARD = "gnu++14";
				CLANG_CXX_LIBRARY = "libc++";
				CLANG_ENABLE_MODULES = YES;
				CLANG_ENABLE_OBJC_ARC = YES;
				CLANG_ENABLE_OBJC_WEAK = YES;
				CLANG_WARN_BLOCK_CAPTURE_AUTORELEASING = YES;
				CLANG_WARN_BOOL_CONVERSION = YES;
				CLANG_WARN_COMMA = YES;
				CLANG_WARN_CONSTANT_CONVERSION = YES;
				CLANG_WARN_DEPRECATED_OBJC_IMPLEMENTATIONS = YES;
				CLANG_WARN_DIRECT_OBJC_ISA_USAGE = YES_ERROR;
				CLANG_WARN_DOCUMENTATION_COMMENTS = YES;
				CLANG_WARN_EMPTY_BODY = YES;
				CLANG_WARN_ENUM_CONVERSION = YES;
				CLANG_WARN_INFINITE_RECURSION = YES;
				CLANG_WARN_INT_CONVERSION = YES;
				CLANG_WARN_NON_LITERAL_NULL_CONVERSION = YES;
				CLANG_WARN_OBJC_IMPLICIT_RETAIN_SELF = YES;
				CLANG_WARN_OBJC_LITERAL_CONVERSION = YES;
				CLANG_WARN_OBJC_ROOT_CLASS = YES_ERROR;
				CLANG_WARN_RANGE_LOOP_ANALYSIS = YES;
				CLANG_WARN_STRICT_PROTOTYPES = YES;
				CLANG_WARN_SUSPICIOUS_MOVE = YES;
				CLANG_WARN_UNGUARDED_AVAILABILITY = YES_AGGRESSIVE;
				CLANG_WARN_UNREACHABLE_CODE = YES;
				CLANG_WARN__DUPLICATE_METHOD_MATCH = YES;
				COPY_PHASE_STRIP = NO;
				DEBUG_INFORMATION_FORMAT = "dwarf-with-dsym";
				ENABLE_NS_ASSERTIONS = NO;
				ENABLE_STRICT_OBJC_MSGSEND = YES;
				GCC_C_LANGUAGE_STANDARD = gnu11;
				GCC_NO_COMMON_BLOCKS = YES;
				GCC_WARN_64_TO_32_BIT_CONVERSION = YES;
				GCC_WARN_ABOUT_RETURN_TYPE = YES_ERROR;
				GCC_WARN_UNDECLARED_SELECTOR = YES;
				GCC_WARN_UNINITIALIZED_AUTOS = YES_AGGRESSIVE;
				GCC_WARN_UNUSED_FUNCTION = YES;
				GCC_WARN_UNUSED_VARIABLE = YES;
				IPHONEOS_DEPLOYMENT_TARGET = 13.1;
				MTL_ENABLE_DEBUG_INFO = NO;
				MTL_FAST_MATH = YES;
				SDKROOT = iphoneos;
				SWIFT_COMPILATION_MODE = wholemodule;
				SWIFT_OPTIMIZATION_LEVEL = "-O";
				VALIDATE_PRODUCT = YES;
			};
			name = Release;
		};
		FA454B8A2354FE3D0015A83D /* Debug */ = {
			isa = XCBuildConfiguration;
			buildSettings = {
				ASSETCATALOG_COMPILER_APPICON_NAME = AppIcon;
				CODE_SIGN_STYLE = Automatic;
				INFOPLIST_FILE = TicTacToe/Info.plist;
				LD_RUNPATH_SEARCH_PATHS = (
					"$(inherited)",
					"@executable_path/Frameworks",
				);
				PRODUCT_BUNDLE_IDENTIFIER = "-2019-DEV-205.TicTacToe";
				PRODUCT_NAME = "$(TARGET_NAME)";
				SWIFT_VERSION = 5.0;
				TARGETED_DEVICE_FAMILY = "1,2";
			};
			name = Debug;
		};
		FA454B8B2354FE3D0015A83D /* Release */ = {
			isa = XCBuildConfiguration;
			buildSettings = {
				ASSETCATALOG_COMPILER_APPICON_NAME = AppIcon;
				CODE_SIGN_STYLE = Automatic;
				INFOPLIST_FILE = TicTacToe/Info.plist;
				LD_RUNPATH_SEARCH_PATHS = (
					"$(inherited)",
					"@executable_path/Frameworks",
				);
				PRODUCT_BUNDLE_IDENTIFIER = "-2019-DEV-205.TicTacToe";
				PRODUCT_NAME = "$(TARGET_NAME)";
				SWIFT_VERSION = 5.0;
				TARGETED_DEVICE_FAMILY = "1,2";
			};
			name = Release;
		};
		FA454B8D2354FE3D0015A83D /* Debug */ = {
			isa = XCBuildConfiguration;
			buildSettings = {
				ALWAYS_EMBED_SWIFT_STANDARD_LIBRARIES = YES;
				BUNDLE_LOADER = "$(TEST_HOST)";
				CODE_SIGN_STYLE = Automatic;
				INFOPLIST_FILE = TicTacToeTests/Info.plist;
				IPHONEOS_DEPLOYMENT_TARGET = 13.1;
				LD_RUNPATH_SEARCH_PATHS = (
					"$(inherited)",
					"@executable_path/Frameworks",
					"@loader_path/Frameworks",
				);
				PRODUCT_BUNDLE_IDENTIFIER = "-019-DEV-205.TicTacToeTests";
				PRODUCT_NAME = "$(TARGET_NAME)";
				SWIFT_VERSION = 5.0;
				TARGETED_DEVICE_FAMILY = "1,2";
				TEST_HOST = "$(BUILT_PRODUCTS_DIR)/TicTacToe.app/TicTacToe";
			};
			name = Debug;
		};
		FA454B8E2354FE3D0015A83D /* Release */ = {
			isa = XCBuildConfiguration;
			buildSettings = {
				ALWAYS_EMBED_SWIFT_STANDARD_LIBRARIES = YES;
				BUNDLE_LOADER = "$(TEST_HOST)";
				CODE_SIGN_STYLE = Automatic;
				INFOPLIST_FILE = TicTacToeTests/Info.plist;
				IPHONEOS_DEPLOYMENT_TARGET = 13.1;
				LD_RUNPATH_SEARCH_PATHS = (
					"$(inherited)",
					"@executable_path/Frameworks",
					"@loader_path/Frameworks",
				);
				PRODUCT_BUNDLE_IDENTIFIER = "-019-DEV-205.TicTacToeTests";
				PRODUCT_NAME = "$(TARGET_NAME)";
				SWIFT_VERSION = 5.0;
				TARGETED_DEVICE_FAMILY = "1,2";
				TEST_HOST = "$(BUILT_PRODUCTS_DIR)/TicTacToe.app/TicTacToe";
			};
			name = Release;
		};
		FA454B902354FE3D0015A83D /* Debug */ = {
			isa = XCBuildConfiguration;
			buildSettings = {
				ALWAYS_EMBED_SWIFT_STANDARD_LIBRARIES = YES;
				CODE_SIGN_STYLE = Automatic;
				INFOPLIST_FILE = TicTacToeUITests/Info.plist;
				LD_RUNPATH_SEARCH_PATHS = (
					"$(inherited)",
					"@executable_path/Frameworks",
					"@loader_path/Frameworks",
				);
				PRODUCT_BUNDLE_IDENTIFIER = "-019-DEV-205.TicTacToeUITests";
				PRODUCT_NAME = "$(TARGET_NAME)";
				SWIFT_VERSION = 5.0;
				TARGETED_DEVICE_FAMILY = "1,2";
				TEST_TARGET_NAME = TicTacToe;
			};
			name = Debug;
		};
		FA454B912354FE3D0015A83D /* Release */ = {
			isa = XCBuildConfiguration;
			buildSettings = {
				ALWAYS_EMBED_SWIFT_STANDARD_LIBRARIES = YES;
				CODE_SIGN_STYLE = Automatic;
				INFOPLIST_FILE = TicTacToeUITests/Info.plist;
				LD_RUNPATH_SEARCH_PATHS = (
					"$(inherited)",
					"@executable_path/Frameworks",
					"@loader_path/Frameworks",
				);
				PRODUCT_BUNDLE_IDENTIFIER = "-019-DEV-205.TicTacToeUITests";
				PRODUCT_NAME = "$(TARGET_NAME)";
				SWIFT_VERSION = 5.0;
				TARGETED_DEVICE_FAMILY = "1,2";
				TEST_TARGET_NAME = TicTacToe;
			};
			name = Release;
		};
/* End XCBuildConfiguration section */

/* Begin XCConfigurationList section */
		FA454B5A2354FE3A0015A83D /* Build configuration list for PBXProject "TicTacToe" */ = {
			isa = XCConfigurationList;
			buildConfigurations = (
				FA454B872354FE3D0015A83D /* Debug */,
				FA454B882354FE3D0015A83D /* Release */,
			);
			defaultConfigurationIsVisible = 0;
			defaultConfigurationName = Release;
		};
		FA454B892354FE3D0015A83D /* Build configuration list for PBXNativeTarget "TicTacToe" */ = {
			isa = XCConfigurationList;
			buildConfigurations = (
				FA454B8A2354FE3D0015A83D /* Debug */,
				FA454B8B2354FE3D0015A83D /* Release */,
			);
			defaultConfigurationIsVisible = 0;
			defaultConfigurationName = Release;
		};
		FA454B8C2354FE3D0015A83D /* Build configuration list for PBXNativeTarget "TicTacToeTests" */ = {
			isa = XCConfigurationList;
			buildConfigurations = (
				FA454B8D2354FE3D0015A83D /* Debug */,
				FA454B8E2354FE3D0015A83D /* Release */,
			);
			defaultConfigurationIsVisible = 0;
			defaultConfigurationName = Release;
		};
		FA454B8F2354FE3D0015A83D /* Build configuration list for PBXNativeTarget "TicTacToeUITests" */ = {
			isa = XCConfigurationList;
			buildConfigurations = (
				FA454B902354FE3D0015A83D /* Debug */,
				FA454B912354FE3D0015A83D /* Release */,
			);
			defaultConfigurationIsVisible = 0;
			defaultConfigurationName = Release;
		};
/* End XCConfigurationList section */
	};
	rootObject = FA454B572354FE3A0015A83D /* Project object */;
}
